
Microsoft Visual Studio Solution File, Format Version 12.00
# Visual Studio Version 17
VisualStudioVersion = 17.0.31903.59
MinimumVisualStudioVersion = 10.0.40219.1
Project("{2150E333-8FDC-42A3-9474-1A3956D46DE8}") = "src", "src", "{DAA3B778-F793-4F5B-9C23-76FC6DC4EEC6}"
EndProject
Project("{FAE04EC0-301F-11D3-BF4B-00C04F79EFBC}") = "RepsRox.Analytics.Api", "src\RepsRox.Analytics.Api\RepsRox.Analytics.Api.csproj", "{5AFDA8D2-36E2-4E04-A355-60CBE76765ED}"
EndProject
Project("{2150E333-8FDC-42A3-9474-1A3956D46DE8}") = "tests", "tests", "{DA1DFE3A-7881-4DEF-AF62-1AC61D80A93B}"
EndProject
Project("{FAE04EC0-301F-11D3-BF4B-00C04F79EFBC}") = "RepsRox.Analytics.Api.Tests", "tests\RepsRox.Analytics.Api.Tests\RepsRox.Analytics.Api.Tests.csproj", "{518DF67A-536D-440D-AB90-EE95A416E4F8}"
EndProject
Global
	GlobalSection(SolutionConfigurationPlatforms) = preSolution
		Debug|Any CPU = Debug|Any CPU
		Release|Any CPU = Release|Any CPU
	EndGlobalSection
	GlobalSection(SolutionProperties) = preSolution
		HideSolutionNode = FALSE
	EndGlobalSection
	GlobalSection(ProjectConfigurationPlatforms) = postSolution
		{5AFDA8D2-36E2-4E04-A355-60CBE76765ED}.Debug|Any CPU.ActiveCfg = Debug|Any CPU
		{5AFDA8D2-36E2-4E04-A355-60CBE76765ED}.Debug|Any CPU.Build.0 = Debug|Any CPU
		{5AFDA8D2-36E2-4E04-A355-60CBE76765ED}.Release|Any CPU.ActiveCfg = Release|Any CPU
		{5AFDA8D2-36E2-4E04-A355-60CBE76765ED}.Release|Any CPU.Build.0 = Release|Any CPU
		{518DF67A-536D-440D-AB90-EE95A416E4F8}.Debug|Any CPU.ActiveCfg = Debug|Any CPU
		{518DF67A-536D-440D-AB90-EE95A416E4F8}.Debug|Any CPU.Build.0 = Debug|Any CPU
		{518DF67A-536D-440D-AB90-EE95A416E4F8}.Release|Any CPU.ActiveCfg = Release|Any CPU
		{518DF67A-536D-440D-AB90-EE95A416E4F8}.Release|Any CPU.Build.0 = Release|Any CPU
	EndGlobalSection
	GlobalSection(NestedProjects) = preSolution
		{5AFDA8D2-36E2-4E04-A355-60CBE76765ED} = {DAA3B778-F793-4F5B-9C23-76FC6DC4EEC6}
		{518DF67A-536D-440D-AB90-EE95A416E4F8} = {DA1DFE3A-7881-4DEF-AF62-1AC61D80A93B}
	EndGlobalSection
EndGlobal
